
Microsoft Visual Studio Solution File, Format Version 11.00
# Visual Studio 2010
Project("{FAE04EC0-301F-11D3-BF4B-00C04F79EFBC}") = "Week1_Sample", "Assembly-CSharp.csproj", "{AAF7DA8F-D1E8-DC2B-5D8C-21A3132DFD94}"
EndProject
Global
	GlobalSection(SolutionConfigurationPlatforms) = preSolution
		Debug|Any CPU = Debug|Any CPU
		Release|Any CPU = Release|Any CPU
	EndGlobalSection
	GlobalSection(ProjectConfigurationPlatforms) = postSolution
		{AAF7DA8F-D1E8-DC2B-5D8C-21A3132DFD94}.Debug|Any CPU.ActiveCfg = Debug|Any CPU
		{AAF7DA8F-D1E8-DC2B-5D8C-21A3132DFD94}.Debug|Any CPU.Build.0 = Debug|Any CPU
		{AAF7DA8F-D1E8-DC2B-5D8C-21A3132DFD94}.Release|Any CPU.ActiveCfg = Release|Any CPU
		{AAF7DA8F-D1E8-DC2B-5D8C-21A3132DFD94}.Release|Any CPU.Build.0 = Release|Any CPU
	EndGlobalSection
	GlobalSection(SolutionProperties) = preSolution
		HideSolutionNode = FALSE
	EndGlobalSection
	GlobalSection(MonoDevelopProperties) = preSolution
		StartupItem = Assembly-CSharp.csproj
	EndGlobalSection
EndGlobal
