
Microsoft Visual Studio Solution File, Format Version 11.00
# Visual Studio 2010
Project("{FAE04EC0-301F-11D3-BF4B-00C04F79EFBC}") = "GAME3001_Nakasako_Ricardo_Proj_M4", "Assembly-CSharp.csproj", "{333CF6F3-7D9C-D1C7-1D70-9E197B0B3351}"
EndProject
Project("{FAE04EC0-301F-11D3-BF4B-00C04F79EFBC}") = "GAME3001_Nakasako_Ricardo_Proj_M4", "Assembly-CSharp-Editor.csproj", "{60A3C63A-F945-B4B4-8238-EA6A8E70B75E}"
EndProject
Global
	GlobalSection(SolutionConfigurationPlatforms) = preSolution
		Debug|Any CPU = Debug|Any CPU
		Release|Any CPU = Release|Any CPU
	EndGlobalSection
	GlobalSection(ProjectConfigurationPlatforms) = postSolution
		{333CF6F3-7D9C-D1C7-1D70-9E197B0B3351}.Debug|Any CPU.ActiveCfg = Debug|Any CPU
		{333CF6F3-7D9C-D1C7-1D70-9E197B0B3351}.Debug|Any CPU.Build.0 = Debug|Any CPU
		{333CF6F3-7D9C-D1C7-1D70-9E197B0B3351}.Release|Any CPU.ActiveCfg = Release|Any CPU
		{333CF6F3-7D9C-D1C7-1D70-9E197B0B3351}.Release|Any CPU.Build.0 = Release|Any CPU
		{60A3C63A-F945-B4B4-8238-EA6A8E70B75E}.Debug|Any CPU.ActiveCfg = Debug|Any CPU
		{60A3C63A-F945-B4B4-8238-EA6A8E70B75E}.Debug|Any CPU.Build.0 = Debug|Any CPU
		{60A3C63A-F945-B4B4-8238-EA6A8E70B75E}.Release|Any CPU.ActiveCfg = Release|Any CPU
		{60A3C63A-F945-B4B4-8238-EA6A8E70B75E}.Release|Any CPU.Build.0 = Release|Any CPU
	EndGlobalSection
	GlobalSection(SolutionProperties) = preSolution
		HideSolutionNode = FALSE
	EndGlobalSection
	GlobalSection(MonoDevelopProperties) = preSolution
		StartupItem = Assembly-CSharp.csproj
	EndGlobalSection
EndGlobal
